// !$*UTF8*$!
{
	archiveVersion = 1;
	classes = {
	};
	objectVersion = 46;
	objects = {

/* Begin PBXBuildFile section */
		D8D6A125159DB3C10074C263 /* sdbm.h in Headers */ = {isa = PBXBuildFile; fileRef = D8E78E98159DA753006394F7 /* sdbm.h */; };
		D8D6A126159DB3D80074C263 /* syck.h in Headers */ = {isa = PBXBuildFile; fileRef = D8E78EC0159DA753006394F7 /* syck.h */; };
		D8D6A127159DB3DB0074C263 /* yamlbyte.h in Headers */ = {isa = PBXBuildFile; fileRef = D8E78EC3159DA753006394F7 /* yamlbyte.h */; };
		D8E78A6F159D9BC7006394F7 /* Foundation.framework in Frameworks */ = {isa = PBXBuildFile; fileRef = D8E78A6E159D9BC7006394F7 /* Foundation.framework */; };
		D8E78D0B159D9D41006394F7 /* array.c in Sources */ = {isa = PBXBuildFile; fileRef = D8E78A7C159D9D40006394F7 /* array.c */; };
		D8E78D0C159D9D41006394F7 /* bignum.c in Sources */ = {isa = PBXBuildFile; fileRef = D8E78A7D159D9D40006394F7 /* bignum.c */; };
		D8E78D0D159D9D41006394F7 /* class.c in Sources */ = {isa = PBXBuildFile; fileRef = D8E78A7E159D9D40006394F7 /* class.c */; };
		D8E78D0E159D9D41006394F7 /* compar.c in Sources */ = {isa = PBXBuildFile; fileRef = D8E78A7F159D9D40006394F7 /* compar.c */; };
		D8E78D0F159D9D41006394F7 /* defines.h in Headers */ = {isa = PBXBuildFile; fileRef = D8E78A80159D9D40006394F7 /* defines.h */; };
		D8E78D10159D9D41006394F7 /* dir.c in Sources */ = {isa = PBXBuildFile; fileRef = D8E78A81159D9D40006394F7 /* dir.c */; };
		D8E78D11159D9D41006394F7 /* dln.c in Sources */ = {isa = PBXBuildFile; fileRef = D8E78A82159D9D40006394F7 /* dln.c */; };
		D8E78D12159D9D41006394F7 /* dln.h in Headers */ = {isa = PBXBuildFile; fileRef = D8E78A83159D9D40006394F7 /* dln.h */; };
		D8E78D15159D9D41006394F7 /* enum.c in Sources */ = {isa = PBXBuildFile; fileRef = D8E78A86159D9D40006394F7 /* enum.c */; };
		D8E78D16159D9D41006394F7 /* enumerator.c in Sources */ = {isa = PBXBuildFile; fileRef = D8E78A87159D9D40006394F7 /* enumerator.c */; };
		D8E78D17159D9D41006394F7 /* env.h in Headers */ = {isa = PBXBuildFile; fileRef = D8E78A88159D9D40006394F7 /* env.h */; };
		D8E78D18159D9D41006394F7 /* error.c in Sources */ = {isa = PBXBuildFile; fileRef = D8E78A89159D9D40006394F7 /* error.c */; };
		D8E78D19159D9D41006394F7 /* eval.c in Sources */ = {isa = PBXBuildFile; fileRef = D8E78A8A159D9D40006394F7 /* eval.c */; };
		D8E78D1A159D9D41006394F7 /* file.c in Sources */ = {isa = PBXBuildFile; fileRef = D8E78A8B159D9D40006394F7 /* file.c */; };
		D8E78D1B159D9D41006394F7 /* gc.c in Sources */ = {isa = PBXBuildFile; fileRef = D8E78A8C159D9D40006394F7 /* gc.c */; };
		D8E78D1C159D9D41006394F7 /* hash.c in Sources */ = {isa = PBXBuildFile; fileRef = D8E78A8D159D9D40006394F7 /* hash.c */; };
		D8E78D1E159D9D41006394F7 /* inits.c in Sources */ = {isa = PBXBuildFile; fileRef = D8E78A8F159D9D40006394F7 /* inits.c */; };
		D8E78D1F159D9D41006394F7 /* intern.h in Headers */ = {isa = PBXBuildFile; fileRef = D8E78A90159D9D40006394F7 /* intern.h */; };
		D8E78D20159D9D41006394F7 /* io.c in Sources */ = {isa = PBXBuildFile; fileRef = D8E78A91159D9D40006394F7 /* io.c */; };
		D8E78D23159D9D41006394F7 /* marshal.c in Sources */ = {isa = PBXBuildFile; fileRef = D8E78CE7159D9D41006394F7 /* marshal.c */; };
		D8E78D24159D9D41006394F7 /* math.c in Sources */ = {isa = PBXBuildFile; fileRef = D8E78CE8159D9D41006394F7 /* math.c */; };
		D8E78D25159D9D41006394F7 /* missing.h in Headers */ = {isa = PBXBuildFile; fileRef = D8E78CE9159D9D41006394F7 /* missing.h */; };
		D8E78D26159D9D41006394F7 /* node.h in Headers */ = {isa = PBXBuildFile; fileRef = D8E78CEA159D9D41006394F7 /* node.h */; };
		D8E78D27159D9D41006394F7 /* numeric.c in Sources */ = {isa = PBXBuildFile; fileRef = D8E78CEB159D9D41006394F7 /* numeric.c */; };
		D8E78D28159D9D41006394F7 /* object.c in Sources */ = {isa = PBXBuildFile; fileRef = D8E78CEC159D9D41006394F7 /* object.c */; };
		D8E78D29159D9D41006394F7 /* pack.c in Sources */ = {isa = PBXBuildFile; fileRef = D8E78CED159D9D41006394F7 /* pack.c */; };
		D8E78D2A159D9D41006394F7 /* parse.c in Sources */ = {isa = PBXBuildFile; fileRef = D8E78CEE159D9D41006394F7 /* parse.c */; };
		D8E78D2C159D9D41006394F7 /* prec.c in Sources */ = {isa = PBXBuildFile; fileRef = D8E78CF0159D9D41006394F7 /* prec.c */; };
		D8E78D2D159D9D41006394F7 /* process.c in Sources */ = {isa = PBXBuildFile; fileRef = D8E78CF1159D9D41006394F7 /* process.c */; };
		D8E78D2E159D9D41006394F7 /* random.c in Sources */ = {isa = PBXBuildFile; fileRef = D8E78CF2159D9D41006394F7 /* random.c */; };
		D8E78D2F159D9D41006394F7 /* range.c in Sources */ = {isa = PBXBuildFile; fileRef = D8E78CF3159D9D41006394F7 /* range.c */; };
		D8E78D30159D9D41006394F7 /* re.c in Sources */ = {isa = PBXBuildFile; fileRef = D8E78CF4159D9D41006394F7 /* re.c */; };
		D8E78D31159D9D41006394F7 /* re.h in Headers */ = {isa = PBXBuildFile; fileRef = D8E78CF5159D9D41006394F7 /* re.h */; };
		D8E78D32159D9D41006394F7 /* ruby.c in Sources */ = {isa = PBXBuildFile; fileRef = D8E78CF6159D9D41006394F7 /* ruby.c */; };
		D8E78D33159D9D41006394F7 /* ruby.h in Headers */ = {isa = PBXBuildFile; fileRef = D8E78CF7159D9D41006394F7 /* ruby.h */; };
		D8E78D34159D9D41006394F7 /* rubyio.h in Headers */ = {isa = PBXBuildFile; fileRef = D8E78CF8159D9D41006394F7 /* rubyio.h */; };
		D8E78D35159D9D41006394F7 /* rubysig.h in Headers */ = {isa = PBXBuildFile; fileRef = D8E78CF9159D9D41006394F7 /* rubysig.h */; };
		D8E78D36159D9D41006394F7 /* signal.c in Sources */ = {isa = PBXBuildFile; fileRef = D8E78CFA159D9D41006394F7 /* signal.c */; };
		D8E78D37159D9D41006394F7 /* sprintf.c in Sources */ = {isa = PBXBuildFile; fileRef = D8E78CFB159D9D41006394F7 /* sprintf.c */; };
		D8E78D38159D9D41006394F7 /* st.c in Sources */ = {isa = PBXBuildFile; fileRef = D8E78CFC159D9D41006394F7 /* st.c */; };
		D8E78D39159D9D41006394F7 /* st.h in Headers */ = {isa = PBXBuildFile; fileRef = D8E78CFD159D9D41006394F7 /* st.h */; };
		D8E78D3A159D9D41006394F7 /* string.c in Sources */ = {isa = PBXBuildFile; fileRef = D8E78CFE159D9D41006394F7 /* string.c */; };
		D8E78D3B159D9D41006394F7 /* struct.c in Sources */ = {isa = PBXBuildFile; fileRef = D8E78CFF159D9D41006394F7 /* struct.c */; };
		D8E78D3C159D9D41006394F7 /* time.c in Sources */ = {isa = PBXBuildFile; fileRef = D8E78D00159D9D41006394F7 /* time.c */; };
		D8E78D3D159D9D41006394F7 /* util.c in Sources */ = {isa = PBXBuildFile; fileRef = D8E78D01159D9D41006394F7 /* util.c */; };
		D8E78D3E159D9D41006394F7 /* util.h in Headers */ = {isa = PBXBuildFile; fileRef = D8E78D02159D9D41006394F7 /* util.h */; };
		D8E78D3F159D9D41006394F7 /* variable.c in Sources */ = {isa = PBXBuildFile; fileRef = D8E78D03159D9D41006394F7 /* variable.c */; };
		D8E78D40159D9D41006394F7 /* version.c in Sources */ = {isa = PBXBuildFile; fileRef = D8E78D04159D9D41006394F7 /* version.c */; };
		D8E78D41159D9D41006394F7 /* version.h in Headers */ = {isa = PBXBuildFile; fileRef = D8E78D05159D9D41006394F7 /* version.h */; };
		D8E78D47159D9E14006394F7 /* config.h in Headers */ = {isa = PBXBuildFile; fileRef = D8E78D46159D9E14006394F7 /* config.h */; };
		D8E78D4A159DA095006394F7 /* dmyext.c in Sources */ = {isa = PBXBuildFile; fileRef = D8E78D49159DA095006394F7 /* dmyext.c */; };
		D8E78D65159DA2CE006394F7 /* InfoPlist.strings in Resources */ = {isa = PBXBuildFile; fileRef = D8E78D63159DA2CE006394F7 /* InfoPlist.strings */; };
		D8E78D6D159DA326006394F7 /* defines.h in Headers */ = {isa = PBXBuildFile; fileRef = D8E78A80159D9D40006394F7 /* defines.h */; settings = {ATTRIBUTES = (Public, ); }; };
		D8E78D6E159DA326006394F7 /* dln.h in Headers */ = {isa = PBXBuildFile; fileRef = D8E78A83159D9D40006394F7 /* dln.h */; settings = {ATTRIBUTES = (Public, ); }; };
		D8E78D6F159DA326006394F7 /* env.h in Headers */ = {isa = PBXBuildFile; fileRef = D8E78A88159D9D40006394F7 /* env.h */; settings = {ATTRIBUTES = (Public, ); }; };
		D8E78D70159DA326006394F7 /* intern.h in Headers */ = {isa = PBXBuildFile; fileRef = D8E78A90159D9D40006394F7 /* intern.h */; settings = {ATTRIBUTES = (Public, ); }; };
		D8E78D71159DA326006394F7 /* node.h in Headers */ = {isa = PBXBuildFile; fileRef = D8E78CEA159D9D41006394F7 /* node.h */; settings = {ATTRIBUTES = (Public, ); }; };
		D8E78D72159DA326006394F7 /* re.h in Headers */ = {isa = PBXBuildFile; fileRef = D8E78CF5159D9D41006394F7 /* re.h */; settings = {ATTRIBUTES = (Public, ); }; };
		D8E78D73159DA326006394F7 /* ruby.h in Headers */ = {isa = PBXBuildFile; fileRef = D8E78CF7159D9D41006394F7 /* ruby.h */; settings = {ATTRIBUTES = (Public, ); }; };
		D8E78D74159DA326006394F7 /* rubyio.h in Headers */ = {isa = PBXBuildFile; fileRef = D8E78CF8159D9D41006394F7 /* rubyio.h */; settings = {ATTRIBUTES = (Public, ); }; };
		D8E78D75159DA326006394F7 /* rubysig.h in Headers */ = {isa = PBXBuildFile; fileRef = D8E78CF9159D9D41006394F7 /* rubysig.h */; settings = {ATTRIBUTES = (Public, ); }; };
		D8E78D76159DA326006394F7 /* st.h in Headers */ = {isa = PBXBuildFile; fileRef = D8E78CFD159D9D41006394F7 /* st.h */; settings = {ATTRIBUTES = (Public, ); }; };
		D8E78D77159DA326006394F7 /* util.h in Headers */ = {isa = PBXBuildFile; fileRef = D8E78D02159D9D41006394F7 /* util.h */; settings = {ATTRIBUTES = (Public, ); }; };
		D8E78D78159DA326006394F7 /* version.h in Headers */ = {isa = PBXBuildFile; fileRef = D8E78D05159D9D41006394F7 /* version.h */; settings = {ATTRIBUTES = (Public, ); }; };
		D8E78D82159DA5F0006394F7 /* config.h in Headers */ = {isa = PBXBuildFile; fileRef = D8E78D46159D9E14006394F7 /* config.h */; settings = {ATTRIBUTES = (Public, ); }; };
		D8E78D83159DA650006394F7 /* missing.h in Headers */ = {isa = PBXBuildFile; fileRef = D8E78CE9159D9D41006394F7 /* missing.h */; settings = {ATTRIBUTES = (Public, ); }; };
		D8E79349159DA754006394F7 /* bigdecimal.c in Sources */ = {isa = PBXBuildFile; fileRef = D8E78D89159DA753006394F7 /* bigdecimal.c */; };
		D8E7934A159DA754006394F7 /* bigdecimal.h in Headers */ = {isa = PBXBuildFile; fileRef = D8E78D8B159DA753006394F7 /* bigdecimal.h */; };
		D8E7934C159DA754006394F7 /* dbm.c in Sources */ = {isa = PBXBuildFile; fileRef = D8E78DA8159DA753006394F7 /* dbm.c */; };
		D8E7934D159DA754006394F7 /* bubblebabble.c in Sources */ = {isa = PBXBuildFile; fileRef = D8E78DAF159DA753006394F7 /* bubblebabble.c */; };
		D8E7934E159DA754006394F7 /* defs.h in Headers */ = {isa = PBXBuildFile; fileRef = D8E78DB2159DA753006394F7 /* defs.h */; };
		D8E7934F159DA754006394F7 /* digest.c in Sources */ = {isa = PBXBuildFile; fileRef = D8E78DB4159DA753006394F7 /* digest.c */; };
		D8E79350159DA754006394F7 /* digest.h in Headers */ = {isa = PBXBuildFile; fileRef = D8E78DB5159DA753006394F7 /* digest.h */; };
		D8E79351159DA754006394F7 /* md5.c in Sources */ = {isa = PBXBuildFile; fileRef = D8E78DBF159DA753006394F7 /* md5.c */; };
		D8E79352159DA754006394F7 /* md5.h in Headers */ = {isa = PBXBuildFile; fileRef = D8E78DC0159DA753006394F7 /* md5.h */; };
		D8E79353159DA754006394F7 /* md5init.c in Sources */ = {isa = PBXBuildFile; fileRef = D8E78DC1159DA753006394F7 /* md5init.c */; };
		D8E79355159DA754006394F7 /* md5ossl.h in Headers */ = {isa = PBXBuildFile; fileRef = D8E78DC3159DA753006394F7 /* md5ossl.h */; };
		D8E79356159DA754006394F7 /* rmd160.c in Sources */ = {isa = PBXBuildFile; fileRef = D8E78DC8159DA753006394F7 /* rmd160.c */; };
		D8E79357159DA754006394F7 /* rmd160.h in Headers */ = {isa = PBXBuildFile; fileRef = D8E78DC9159DA753006394F7 /* rmd160.h */; };
		D8E79358159DA754006394F7 /* rmd160init.c in Sources */ = {isa = PBXBuildFile; fileRef = D8E78DCA159DA753006394F7 /* rmd160init.c */; };
		D8E7935A159DA754006394F7 /* rmd160ossl.h in Headers */ = {isa = PBXBuildFile; fileRef = D8E78DCC159DA753006394F7 /* rmd160ossl.h */; };
		D8E7935B159DA754006394F7 /* sha1.c in Sources */ = {isa = PBXBuildFile; fileRef = D8E78DD1159DA753006394F7 /* sha1.c */; };
		D8E7935C159DA754006394F7 /* sha1.h in Headers */ = {isa = PBXBuildFile; fileRef = D8E78DD2159DA753006394F7 /* sha1.h */; };
		D8E7935D159DA754006394F7 /* sha1init.c in Sources */ = {isa = PBXBuildFile; fileRef = D8E78DD3159DA753006394F7 /* sha1init.c */; };
		D8E7935F159DA754006394F7 /* sha1ossl.h in Headers */ = {isa = PBXBuildFile; fileRef = D8E78DD5159DA753006394F7 /* sha1ossl.h */; };
		D8E79360159DA754006394F7 /* sha2.c in Sources */ = {isa = PBXBuildFile; fileRef = D8E78DDC159DA753006394F7 /* sha2.c */; };
		D8E79361159DA754006394F7 /* sha2.h in Headers */ = {isa = PBXBuildFile; fileRef = D8E78DDD159DA753006394F7 /* sha2.h */; };
		D8E79362159DA754006394F7 /* sha2init.c in Sources */ = {isa = PBXBuildFile; fileRef = D8E78DDE159DA753006394F7 /* sha2init.c */; };
		D8E79364159DA754006394F7 /* dl.h in Headers */ = {isa = PBXBuildFile; fileRef = D8E78DE5159DA753006394F7 /* dl.h */; };
		D8E7936A159DA754006394F7 /* etc.c in Sources */ = {isa = PBXBuildFile; fileRef = D8E78E08159DA753006394F7 /* etc.c */; };
		D8E7936B159DA754006394F7 /* fcntl.c in Sources */ = {isa = PBXBuildFile; fileRef = D8E78E11159DA753006394F7 /* fcntl.c */; };
		D8E7936D159DA754006394F7 /* iconv.c in Sources */ = {isa = PBXBuildFile; fileRef = D8E78E1D159DA753006394F7 /* iconv.c */; };
		D8E7936E159DA754006394F7 /* wait.c in Sources */ = {isa = PBXBuildFile; fileRef = D8E78E24159DA753006394F7 /* wait.c */; };
		D8E7936F159DA754006394F7 /* config.h in Headers */ = {isa = PBXBuildFile; fileRef = D8E78E2C159DA753006394F7 /* config.h */; };
		D8E79370159DA754006394F7 /* nkf.c in Sources */ = {isa = PBXBuildFile; fileRef = D8E78E2D159DA753006394F7 /* nkf.c */; };
		D8E79371159DA754006394F7 /* utf8tbl.c in Sources */ = {isa = PBXBuildFile; fileRef = D8E78E2E159DA753006394F7 /* utf8tbl.c */; };
		D8E79372159DA754006394F7 /* utf8tbl.h in Headers */ = {isa = PBXBuildFile; fileRef = D8E78E2F159DA753006394F7 /* utf8tbl.h */; };
		D8E79373159DA754006394F7 /* nkf.c in Sources */ = {isa = PBXBuildFile; fileRef = D8E78E30159DA753006394F7 /* nkf.c */; };
		D8E793A9159DA754006394F7 /* pty.c in Sources */ = {isa = PBXBuildFile; fileRef = D8E78E7D159DA753006394F7 /* pty.c */; };
		D8E793AA159DA754006394F7 /* cparse.c in Sources */ = {isa = PBXBuildFile; fileRef = D8E78E88159DA753006394F7 /* cparse.c */; };
		D8E793AC159DA754006394F7 /* _sdbm.c in Sources */ = {isa = PBXBuildFile; fileRef = D8E78E94159DA753006394F7 /* _sdbm.c */; };
		D8E793AD159DA754006394F7 /* init.c in Sources */ = {isa = PBXBuildFile; fileRef = D8E78E97159DA753006394F7 /* init.c */; };
		D8E793AE159DA754006394F7 /* sdbm.h in Headers */ = {isa = PBXBuildFile; fileRef = D8E78E98159DA753006394F7 /* sdbm.h */; };
		D8E793B4159DA754006394F7 /* stringio.c in Sources */ = {isa = PBXBuildFile; fileRef = D8E78EAD159DA753006394F7 /* stringio.c */; };
		D8E793B5159DA754006394F7 /* strscan.c in Sources */ = {isa = PBXBuildFile; fileRef = D8E78EB2159DA753006394F7 /* strscan.c */; };
		D8E793B6159DA754006394F7 /* bytecode.c in Sources */ = {isa = PBXBuildFile; fileRef = D8E78EB5159DA753006394F7 /* bytecode.c */; };
		D8E793B7159DA754006394F7 /* emitter.c in Sources */ = {isa = PBXBuildFile; fileRef = D8E78EB7159DA753006394F7 /* emitter.c */; };
		D8E793B8159DA754006394F7 /* gram.c in Sources */ = {isa = PBXBuildFile; fileRef = D8E78EB9159DA753006394F7 /* gram.c */; };
		D8E793B9159DA754006394F7 /* gram.h in Headers */ = {isa = PBXBuildFile; fileRef = D8E78EBA159DA753006394F7 /* gram.h */; };
		D8E793BA159DA754006394F7 /* handler.c in Sources */ = {isa = PBXBuildFile; fileRef = D8E78EBB159DA753006394F7 /* handler.c */; };
		D8E793BB159DA754006394F7 /* implicit.c in Sources */ = {isa = PBXBuildFile; fileRef = D8E78EBC159DA753006394F7 /* implicit.c */; };
		D8E793BC159DA754006394F7 /* node.c in Sources */ = {isa = PBXBuildFile; fileRef = D8E78EBD159DA753006394F7 /* node.c */; };
		D8E793BD159DA754006394F7 /* rubyext.c in Sources */ = {isa = PBXBuildFile; fileRef = D8E78EBE159DA753006394F7 /* rubyext.c */; };
		D8E793BE159DA754006394F7 /* syck.c in Sources */ = {isa = PBXBuildFile; fileRef = D8E78EBF159DA753006394F7 /* syck.c */; };
		D8E793BF159DA754006394F7 /* syck.h in Headers */ = {isa = PBXBuildFile; fileRef = D8E78EC0159DA753006394F7 /* syck.h */; };
		D8E793C0159DA754006394F7 /* token.c in Sources */ = {isa = PBXBuildFile; fileRef = D8E78EC1159DA753006394F7 /* token.c */; };
		D8E793C1159DA754006394F7 /* yaml2byte.c in Sources */ = {isa = PBXBuildFile; fileRef = D8E78EC2159DA753006394F7 /* yaml2byte.c */; };
		D8E793C2159DA754006394F7 /* yamlbyte.h in Headers */ = {isa = PBXBuildFile; fileRef = D8E78EC3159DA753006394F7 /* yamlbyte.h */; };
		D8E793C3159DA754006394F7 /* syslog.c in Sources */ = {isa = PBXBuildFile; fileRef = D8E78EC8159DA753006394F7 /* syslog.c */; };
		D8E793C4159DA754006394F7 /* thread.c in Sources */ = {isa = PBXBuildFile; fileRef = D8E78ECF159DA753006394F7 /* thread.c */; };
		D8E793CB159DA754006394F7 /* zlib.c in Sources */ = {isa = PBXBuildFile; fileRef = D8E79348159DA754006394F7 /* zlib.c */; };
		D8E793CC159DB14D006394F7 /* bigdecimal.h in Headers */ = {isa = PBXBuildFile; fileRef = D8E78D8B159DA753006394F7 /* bigdecimal.h */; };
		D8E793CD159DB168006394F7 /* defs.h in Headers */ = {isa = PBXBuildFile; fileRef = D8E78DB2159DA753006394F7 /* defs.h */; };
		D8E793CE159DB168006394F7 /* digest.h in Headers */ = {isa = PBXBuildFile; fileRef = D8E78DB5159DA753006394F7 /* digest.h */; };
		D8E793CF159DB168006394F7 /* md5.h in Headers */ = {isa = PBXBuildFile; fileRef = D8E78DC0159DA753006394F7 /* md5.h */; };
		D8E793D0159DB168006394F7 /* rmd160.h in Headers */ = {isa = PBXBuildFile; fileRef = D8E78DC9159DA753006394F7 /* rmd160.h */; };
		D8E793D1159DB168006394F7 /* sha1.h in Headers */ = {isa = PBXBuildFile; fileRef = D8E78DD2159DA753006394F7 /* sha1.h */; };
		D8E793D2159DB168006394F7 /* sha2.h in Headers */ = {isa = PBXBuildFile; fileRef = D8E78DDD159DA753006394F7 /* sha2.h */; };
		D8E793D3159DB246006394F7 /* utf8tbl.h in Headers */ = {isa = PBXBuildFile; fileRef = D8E78E2F159DA753006394F7 /* utf8tbl.h */; };
/* End PBXBuildFile section */

/* Begin PBXFileReference section */
		D8E78A6B159D9BC7006394F7 /* libruby-static.a */ = {isa = PBXFileReference; explicitFileType = archive.ar; includeInIndex = 0; path = "libruby-static.a"; sourceTree = BUILT_PRODUCTS_DIR; };
		D8E78A6E159D9BC7006394F7 /* Foundation.framework */ = {isa = PBXFileReference; lastKnownFileType = wrapper.framework; name = Foundation.framework; path = System/Library/Frameworks/Foundation.framework; sourceTree = SDKROOT; };
		D8E78A72159D9BC7006394F7 /* ruby-static-Prefix.pch */ = {isa = PBXFileReference; lastKnownFileType = sourcecode.c.h; path = "ruby-static-Prefix.pch"; sourceTree = "<group>"; };
		D8E78A7C159D9D40006394F7 /* array.c */ = {isa = PBXFileReference; fileEncoding = 4; lastKnownFileType = sourcecode.c.c; path = array.c; sourceTree = "<group>"; };
		D8E78A7D159D9D40006394F7 /* bignum.c */ = {isa = PBXFileReference; fileEncoding = 4; lastKnownFileType = sourcecode.c.c; path = bignum.c; sourceTree = "<group>"; };
		D8E78A7E159D9D40006394F7 /* class.c */ = {isa = PBXFileReference; fileEncoding = 4; lastKnownFileType = sourcecode.c.c; path = class.c; sourceTree = "<group>"; };
		D8E78A7F159D9D40006394F7 /* compar.c */ = {isa = PBXFileReference; fileEncoding = 4; lastKnownFileType = sourcecode.c.c; path = compar.c; sourceTree = "<group>"; };
		D8E78A80159D9D40006394F7 /* defines.h */ = {isa = PBXFileReference; fileEncoding = 4; lastKnownFileType = sourcecode.c.h; path = defines.h; sourceTree = "<group>"; };
		D8E78A81159D9D40006394F7 /* dir.c */ = {isa = PBXFileReference; fileEncoding = 4; lastKnownFileType = sourcecode.c.c; path = dir.c; sourceTree = "<group>"; };
		D8E78A82159D9D40006394F7 /* dln.c */ = {isa = PBXFileReference; fileEncoding = 4; lastKnownFileType = sourcecode.c.c; path = dln.c; sourceTree = "<group>"; };
		D8E78A83159D9D40006394F7 /* dln.h */ = {isa = PBXFileReference; fileEncoding = 4; lastKnownFileType = sourcecode.c.h; path = dln.h; sourceTree = "<group>"; };
		D8E78A86159D9D40006394F7 /* enum.c */ = {isa = PBXFileReference; fileEncoding = 4; lastKnownFileType = sourcecode.c.c; path = enum.c; sourceTree = "<group>"; };
		D8E78A87159D9D40006394F7 /* enumerator.c */ = {isa = PBXFileReference; fileEncoding = 4; lastKnownFileType = sourcecode.c.c; path = enumerator.c; sourceTree = "<group>"; };
		D8E78A88159D9D40006394F7 /* env.h */ = {isa = PBXFileReference; fileEncoding = 4; lastKnownFileType = sourcecode.c.h; path = env.h; sourceTree = "<group>"; };
		D8E78A89159D9D40006394F7 /* error.c */ = {isa = PBXFileReference; fileEncoding = 4; lastKnownFileType = sourcecode.c.c; path = error.c; sourceTree = "<group>"; };
		D8E78A8A159D9D40006394F7 /* eval.c */ = {isa = PBXFileReference; fileEncoding = 4; lastKnownFileType = sourcecode.c.c; path = eval.c; sourceTree = "<group>"; };
		D8E78A8B159D9D40006394F7 /* file.c */ = {isa = PBXFileReference; fileEncoding = 4; lastKnownFileType = sourcecode.c.c; path = file.c; sourceTree = "<group>"; };
		D8E78A8C159D9D40006394F7 /* gc.c */ = {isa = PBXFileReference; fileEncoding = 4; lastKnownFileType = sourcecode.c.c; path = gc.c; sourceTree = "<group>"; };
		D8E78A8D159D9D40006394F7 /* hash.c */ = {isa = PBXFileReference; fileEncoding = 4; lastKnownFileType = sourcecode.c.c; path = hash.c; sourceTree = "<group>"; };
		D8E78A8F159D9D40006394F7 /* inits.c */ = {isa = PBXFileReference; fileEncoding = 4; lastKnownFileType = sourcecode.c.c; path = inits.c; sourceTree = "<group>"; };
		D8E78A90159D9D40006394F7 /* intern.h */ = {isa = PBXFileReference; fileEncoding = 4; lastKnownFileType = sourcecode.c.h; path = intern.h; sourceTree = "<group>"; };
		D8E78A91159D9D40006394F7 /* io.c */ = {isa = PBXFileReference; fileEncoding = 4; lastKnownFileType = sourcecode.c.c; path = io.c; sourceTree = "<group>"; };
		D8E78CE7159D9D41006394F7 /* marshal.c */ = {isa = PBXFileReference; fileEncoding = 4; lastKnownFileType = sourcecode.c.c; path = marshal.c; sourceTree = "<group>"; };
		D8E78CE8159D9D41006394F7 /* math.c */ = {isa = PBXFileReference; fileEncoding = 4; lastKnownFileType = sourcecode.c.c; path = math.c; sourceTree = "<group>"; };
		D8E78CE9159D9D41006394F7 /* missing.h */ = {isa = PBXFileReference; fileEncoding = 4; lastKnownFileType = sourcecode.c.h; path = missing.h; sourceTree = "<group>"; };
		D8E78CEA159D9D41006394F7 /* node.h */ = {isa = PBXFileReference; fileEncoding = 4; lastKnownFileType = sourcecode.c.h; path = node.h; sourceTree = "<group>"; };
		D8E78CEB159D9D41006394F7 /* numeric.c */ = {isa = PBXFileReference; fileEncoding = 4; lastKnownFileType = sourcecode.c.c; path = numeric.c; sourceTree = "<group>"; };
		D8E78CEC159D9D41006394F7 /* object.c */ = {isa = PBXFileReference; fileEncoding = 4; lastKnownFileType = sourcecode.c.c; path = object.c; sourceTree = "<group>"; };
		D8E78CED159D9D41006394F7 /* pack.c */ = {isa = PBXFileReference; fileEncoding = 4; lastKnownFileType = sourcecode.c.c; path = pack.c; sourceTree = "<group>"; };
		D8E78CEE159D9D41006394F7 /* parse.c */ = {isa = PBXFileReference; fileEncoding = 4; lastKnownFileType = sourcecode.c.c; path = parse.c; sourceTree = "<group>"; };
		D8E78CF0159D9D41006394F7 /* prec.c */ = {isa = PBXFileReference; fileEncoding = 4; lastKnownFileType = sourcecode.c.c; path = prec.c; sourceTree = "<group>"; };
		D8E78CF1159D9D41006394F7 /* process.c */ = {isa = PBXFileReference; fileEncoding = 4; lastKnownFileType = sourcecode.c.c; path = process.c; sourceTree = "<group>"; };
		D8E78CF2159D9D41006394F7 /* random.c */ = {isa = PBXFileReference; fileEncoding = 4; lastKnownFileType = sourcecode.c.c; path = random.c; sourceTree = "<group>"; };
		D8E78CF3159D9D41006394F7 /* range.c */ = {isa = PBXFileReference; fileEncoding = 4; lastKnownFileType = sourcecode.c.c; path = range.c; sourceTree = "<group>"; };
		D8E78CF4159D9D41006394F7 /* re.c */ = {isa = PBXFileReference; fileEncoding = 4; lastKnownFileType = sourcecode.c.c; path = re.c; sourceTree = "<group>"; };
		D8E78CF5159D9D41006394F7 /* re.h */ = {isa = PBXFileReference; fileEncoding = 4; lastKnownFileType = sourcecode.c.h; path = re.h; sourceTree = "<group>"; };
		D8E78CF6159D9D41006394F7 /* ruby.c */ = {isa = PBXFileReference; fileEncoding = 4; lastKnownFileType = sourcecode.c.c; path = ruby.c; sourceTree = "<group>"; };
		D8E78CF7159D9D41006394F7 /* ruby.h */ = {isa = PBXFileReference; fileEncoding = 4; lastKnownFileType = sourcecode.c.h; path = ruby.h; sourceTree = "<group>"; };
		D8E78CF8159D9D41006394F7 /* rubyio.h */ = {isa = PBXFileReference; fileEncoding = 4; lastKnownFileType = sourcecode.c.h; path = rubyio.h; sourceTree = "<group>"; };
		D8E78CF9159D9D41006394F7 /* rubysig.h */ = {isa = PBXFileReference; fileEncoding = 4; lastKnownFileType = sourcecode.c.h; path = rubysig.h; sourceTree = "<group>"; };
		D8E78CFA159D9D41006394F7 /* signal.c */ = {isa = PBXFileReference; fileEncoding = 4; lastKnownFileType = sourcecode.c.c; path = signal.c; sourceTree = "<group>"; };
		D8E78CFB159D9D41006394F7 /* sprintf.c */ = {isa = PBXFileReference; fileEncoding = 4; lastKnownFileType = sourcecode.c.c; path = sprintf.c; sourceTree = "<group>"; };
		D8E78CFC159D9D41006394F7 /* st.c */ = {isa = PBXFileReference; fileEncoding = 4; lastKnownFileType = sourcecode.c.c; path = st.c; sourceTree = "<group>"; };
		D8E78CFD159D9D41006394F7 /* st.h */ = {isa = PBXFileReference; fileEncoding = 4; lastKnownFileType = sourcecode.c.h; path = st.h; sourceTree = "<group>"; };
		D8E78CFE159D9D41006394F7 /* string.c */ = {isa = PBXFileReference; fileEncoding = 4; lastKnownFileType = sourcecode.c.c; path = string.c; sourceTree = "<group>"; };
		D8E78CFF159D9D41006394F7 /* struct.c */ = {isa = PBXFileReference; fileEncoding = 4; lastKnownFileType = sourcecode.c.c; path = struct.c; sourceTree = "<group>"; };
		D8E78D00159D9D41006394F7 /* time.c */ = {isa = PBXFileReference; fileEncoding = 4; lastKnownFileType = sourcecode.c.c; path = time.c; sourceTree = "<group>"; };
		D8E78D01159D9D41006394F7 /* util.c */ = {isa = PBXFileReference; fileEncoding = 4; lastKnownFileType = sourcecode.c.c; path = util.c; sourceTree = "<group>"; };
		D8E78D02159D9D41006394F7 /* util.h */ = {isa = PBXFileReference; fileEncoding = 4; lastKnownFileType = sourcecode.c.h; path = util.h; sourceTree = "<group>"; };
		D8E78D03159D9D41006394F7 /* variable.c */ = {isa = PBXFileReference; fileEncoding = 4; lastKnownFileType = sourcecode.c.c; path = variable.c; sourceTree = "<group>"; };
		D8E78D04159D9D41006394F7 /* version.c */ = {isa = PBXFileReference; fileEncoding = 4; lastKnownFileType = sourcecode.c.c; path = version.c; sourceTree = "<group>"; };
		D8E78D05159D9D41006394F7 /* version.h */ = {isa = PBXFileReference; fileEncoding = 4; lastKnownFileType = sourcecode.c.h; path = version.h; sourceTree = "<group>"; };
		D8E78D46159D9E14006394F7 /* config.h */ = {isa = PBXFileReference; fileEncoding = 4; lastKnownFileType = sourcecode.c.h; path = config.h; sourceTree = "<group>"; };
		D8E78D48159D9F5B006394F7 /* Makefile */ = {isa = PBXFileReference; lastKnownFileType = sourcecode.make; path = Makefile; sourceTree = "<group>"; };
		D8E78D49159DA095006394F7 /* dmyext.c */ = {isa = PBXFileReference; fileEncoding = 4; lastKnownFileType = sourcecode.c.c; path = dmyext.c; sourceTree = "<group>"; };
		D8E78D59159DA2CE006394F7 /* iRuby.framework */ = {isa = PBXFileReference; explicitFileType = wrapper.framework; includeInIndex = 0; path = iRuby.framework; sourceTree = BUILT_PRODUCTS_DIR; };
		D8E78D62159DA2CE006394F7 /* iRuby-Info.plist */ = {isa = PBXFileReference; lastKnownFileType = text.plist.xml; path = "iRuby-Info.plist"; sourceTree = "<group>"; };
		D8E78D64159DA2CE006394F7 /* en */ = {isa = PBXFileReference; lastKnownFileType = text.plist.strings; name = en; path = en.lproj/InfoPlist.strings; sourceTree = "<group>"; };
		D8E78D66159DA2CE006394F7 /* iRuby-Prefix.pch */ = {isa = PBXFileReference; lastKnownFileType = sourcecode.c.h; path = "iRuby-Prefix.pch"; sourceTree = "<group>"; };
		D8E78D89159DA753006394F7 /* bigdecimal.c */ = {isa = PBXFileReference; fileEncoding = 4; lastKnownFileType = sourcecode.c.c; path = bigdecimal.c; sourceTree = "<group>"; };
		D8E78D8B159DA753006394F7 /* bigdecimal.h */ = {isa = PBXFileReference; fileEncoding = 4; lastKnownFileType = sourcecode.c.h; path = bigdecimal.h; sourceTree = "<group>"; };
		D8E78D9E159DA753006394F7 /* curses.c */ = {isa = PBXFileReference; fileEncoding = 4; lastKnownFileType = sourcecode.c.c; path = curses.c; sourceTree = "<group>"; };
		D8E78DA8159DA753006394F7 /* dbm.c */ = {isa = PBXFileReference; fileEncoding = 4; lastKnownFileType = sourcecode.c.c; path = dbm.c; sourceTree = "<group>"; };
		D8E78DAF159DA753006394F7 /* bubblebabble.c */ = {isa = PBXFileReference; fileEncoding = 4; lastKnownFileType = sourcecode.c.c; path = bubblebabble.c; sourceTree = "<group>"; };
		D8E78DB2159DA753006394F7 /* defs.h */ = {isa = PBXFileReference; fileEncoding = 4; lastKnownFileType = sourcecode.c.h; path = defs.h; sourceTree = "<group>"; };
		D8E78DB4159DA753006394F7 /* digest.c */ = {isa = PBXFileReference; fileEncoding = 4; lastKnownFileType = sourcecode.c.c; path = digest.c; sourceTree = "<group>"; };
		D8E78DB5159DA753006394F7 /* digest.h */ = {isa = PBXFileReference; fileEncoding = 4; lastKnownFileType = sourcecode.c.h; path = digest.h; sourceTree = "<group>"; };
		D8E78DBF159DA753006394F7 /* md5.c */ = {isa = PBXFileReference; fileEncoding = 4; lastKnownFileType = sourcecode.c.c; path = md5.c; sourceTree = "<group>"; };
		D8E78DC0159DA753006394F7 /* md5.h */ = {isa = PBXFileReference; fileEncoding = 4; lastKnownFileType = sourcecode.c.h; path = md5.h; sourceTree = "<group>"; };
		D8E78DC1159DA753006394F7 /* md5init.c */ = {isa = PBXFileReference; fileEncoding = 4; lastKnownFileType = sourcecode.c.c; path = md5init.c; sourceTree = "<group>"; };
		D8E78DC2159DA753006394F7 /* md5ossl.c */ = {isa = PBXFileReference; fileEncoding = 4; lastKnownFileType = sourcecode.c.c; path = md5ossl.c; sourceTree = "<group>"; };
		D8E78DC3159DA753006394F7 /* md5ossl.h */ = {isa = PBXFileReference; fileEncoding = 4; lastKnownFileType = sourcecode.c.h; path = md5ossl.h; sourceTree = "<group>"; };
		D8E78DC8159DA753006394F7 /* rmd160.c */ = {isa = PBXFileReference; fileEncoding = 4; lastKnownFileType = sourcecode.c.c; path = rmd160.c; sourceTree = "<group>"; };
		D8E78DC9159DA753006394F7 /* rmd160.h */ = {isa = PBXFileReference; fileEncoding = 4; lastKnownFileType = sourcecode.c.h; path = rmd160.h; sourceTree = "<group>"; };
		D8E78DCA159DA753006394F7 /* rmd160init.c */ = {isa = PBXFileReference; fileEncoding = 4; lastKnownFileType = sourcecode.c.c; path = rmd160init.c; sourceTree = "<group>"; };
		D8E78DCB159DA753006394F7 /* rmd160ossl.c */ = {isa = PBXFileReference; fileEncoding = 4; lastKnownFileType = sourcecode.c.c; path = rmd160ossl.c; sourceTree = "<group>"; };
		D8E78DCC159DA753006394F7 /* rmd160ossl.h */ = {isa = PBXFileReference; fileEncoding = 4; lastKnownFileType = sourcecode.c.h; path = rmd160ossl.h; sourceTree = "<group>"; };
		D8E78DD1159DA753006394F7 /* sha1.c */ = {isa = PBXFileReference; fileEncoding = 4; lastKnownFileType = sourcecode.c.c; path = sha1.c; sourceTree = "<group>"; };
		D8E78DD2159DA753006394F7 /* sha1.h */ = {isa = PBXFileReference; fileEncoding = 4; lastKnownFileType = sourcecode.c.h; path = sha1.h; sourceTree = "<group>"; };
		D8E78DD3159DA753006394F7 /* sha1init.c */ = {isa = PBXFileReference; fileEncoding = 4; lastKnownFileType = sourcecode.c.c; path = sha1init.c; sourceTree = "<group>"; };
		D8E78DD4159DA753006394F7 /* sha1ossl.c */ = {isa = PBXFileReference; fileEncoding = 4; lastKnownFileType = sourcecode.c.c; path = sha1ossl.c; sourceTree = "<group>"; };
		D8E78DD5159DA753006394F7 /* sha1ossl.h */ = {isa = PBXFileReference; fileEncoding = 4; lastKnownFileType = sourcecode.c.h; path = sha1ossl.h; sourceTree = "<group>"; };
		D8E78DDC159DA753006394F7 /* sha2.c */ = {isa = PBXFileReference; fileEncoding = 4; lastKnownFileType = sourcecode.c.c; path = sha2.c; sourceTree = "<group>"; };
		D8E78DDD159DA753006394F7 /* sha2.h */ = {isa = PBXFileReference; fileEncoding = 4; lastKnownFileType = sourcecode.c.h; path = sha2.h; sourceTree = "<group>"; };
		D8E78DDE159DA753006394F7 /* sha2init.c */ = {isa = PBXFileReference; fileEncoding = 4; lastKnownFileType = sourcecode.c.c; path = sha2init.c; sourceTree = "<group>"; };
		D8E78DE3159DA753006394F7 /* dl.c */ = {isa = PBXFileReference; fileEncoding = 4; lastKnownFileType = sourcecode.c.c; path = dl.c; sourceTree = "<group>"; };
		D8E78DE5159DA753006394F7 /* dl.h */ = {isa = PBXFileReference; fileEncoding = 4; lastKnownFileType = sourcecode.c.h; path = dl.h; sourceTree = "<group>"; };
		D8E78DEA159DA753006394F7 /* handle.c */ = {isa = PBXFileReference; fileEncoding = 4; lastKnownFileType = sourcecode.c.c; path = handle.c; sourceTree = "<group>"; };
		D8E78DF5159DA753006394F7 /* ptr.c */ = {isa = PBXFileReference; fileEncoding = 4; lastKnownFileType = sourcecode.c.c; path = ptr.c; sourceTree = "<group>"; };
		D8E78DFF159DA753006394F7 /* sym.c */ = {isa = PBXFileReference; fileEncoding = 4; lastKnownFileType = sourcecode.c.c; path = sym.c; sourceTree = "<group>"; };
		D8E78E08159DA753006394F7 /* etc.c */ = {isa = PBXFileReference; fileEncoding = 4; lastKnownFileType = sourcecode.c.c; path = etc.c; sourceTree = "<group>"; };
		D8E78E11159DA753006394F7 /* fcntl.c */ = {isa = PBXFileReference; fileEncoding = 4; lastKnownFileType = sourcecode.c.c; path = fcntl.c; sourceTree = "<group>"; };
		D8E78E16159DA753006394F7 /* gdbm.c */ = {isa = PBXFileReference; fileEncoding = 4; lastKnownFileType = sourcecode.c.c; path = gdbm.c; sourceTree = "<group>"; };
		D8E78E1D159DA753006394F7 /* iconv.c */ = {isa = PBXFileReference; fileEncoding = 4; lastKnownFileType = sourcecode.c.c; path = iconv.c; sourceTree = "<group>"; };
		D8E78E24159DA753006394F7 /* wait.c */ = {isa = PBXFileReference; fileEncoding = 4; lastKnownFileType = sourcecode.c.c; path = wait.c; sourceTree = "<group>"; };
		D8E78E2C159DA753006394F7 /* config.h */ = {isa = PBXFileReference; fileEncoding = 4; lastKnownFileType = sourcecode.c.h; path = config.h; sourceTree = "<group>"; };
		D8E78E2D159DA753006394F7 /* nkf.c */ = {isa = PBXFileReference; fileEncoding = 4; lastKnownFileType = sourcecode.c.c; path = nkf.c; sourceTree = "<group>"; };
		D8E78E2E159DA753006394F7 /* utf8tbl.c */ = {isa = PBXFileReference; fileEncoding = 4; lastKnownFileType = sourcecode.c.c; path = utf8tbl.c; sourceTree = "<group>"; };
		D8E78E2F159DA753006394F7 /* utf8tbl.h */ = {isa = PBXFileReference; fileEncoding = 4; lastKnownFileType = sourcecode.c.h; path = utf8tbl.h; sourceTree = "<group>"; };
		D8E78E30159DA753006394F7 /* nkf.c */ = {isa = PBXFileReference; fileEncoding = 4; lastKnownFileType = sourcecode.c.c; path = nkf.c; sourceTree = "<group>"; };
		D8E78E7D159DA753006394F7 /* pty.c */ = {isa = PBXFileReference; fileEncoding = 4; lastKnownFileType = sourcecode.c.c; path = pty.c; sourceTree = "<group>"; };
		D8E78E88159DA753006394F7 /* cparse.c */ = {isa = PBXFileReference; fileEncoding = 4; lastKnownFileType = sourcecode.c.c; path = cparse.c; sourceTree = "<group>"; };
		D8E78E8F159DA753006394F7 /* readline.c */ = {isa = PBXFileReference; fileEncoding = 4; lastKnownFileType = sourcecode.c.c; path = readline.c; sourceTree = "<group>"; };
		D8E78E94159DA753006394F7 /* _sdbm.c */ = {isa = PBXFileReference; fileEncoding = 4; lastKnownFileType = sourcecode.c.c; path = _sdbm.c; sourceTree = "<group>"; };
		D8E78E97159DA753006394F7 /* init.c */ = {isa = PBXFileReference; fileEncoding = 4; lastKnownFileType = sourcecode.c.c; path = init.c; sourceTree = "<group>"; };
		D8E78E98159DA753006394F7 /* sdbm.h */ = {isa = PBXFileReference; fileEncoding = 4; lastKnownFileType = sourcecode.c.h; path = sdbm.h; sourceTree = "<group>"; };
		D8E78EAD159DA753006394F7 /* stringio.c */ = {isa = PBXFileReference; fileEncoding = 4; lastKnownFileType = sourcecode.c.c; path = stringio.c; sourceTree = "<group>"; };
		D8E78EB2159DA753006394F7 /* strscan.c */ = {isa = PBXFileReference; fileEncoding = 4; lastKnownFileType = sourcecode.c.c; path = strscan.c; sourceTree = "<group>"; };
		D8E78EB5159DA753006394F7 /* bytecode.c */ = {isa = PBXFileReference; fileEncoding = 4; lastKnownFileType = sourcecode.c.c; path = bytecode.c; sourceTree = "<group>"; };
		D8E78EB7159DA753006394F7 /* emitter.c */ = {isa = PBXFileReference; fileEncoding = 4; lastKnownFileType = sourcecode.c.c; path = emitter.c; sourceTree = "<group>"; };
		D8E78EB9159DA753006394F7 /* gram.c */ = {isa = PBXFileReference; fileEncoding = 4; lastKnownFileType = sourcecode.c.c; path = gram.c; sourceTree = "<group>"; };
		D8E78EBA159DA753006394F7 /* gram.h */ = {isa = PBXFileReference; fileEncoding = 4; lastKnownFileType = sourcecode.c.h; path = gram.h; sourceTree = "<group>"; };
		D8E78EBB159DA753006394F7 /* handler.c */ = {isa = PBXFileReference; fileEncoding = 4; lastKnownFileType = sourcecode.c.c; path = handler.c; sourceTree = "<group>"; };
		D8E78EBC159DA753006394F7 /* implicit.c */ = {isa = PBXFileReference; fileEncoding = 4; lastKnownFileType = sourcecode.c.c; path = implicit.c; sourceTree = "<group>"; };
		D8E78EBD159DA753006394F7 /* node.c */ = {isa = PBXFileReference; fileEncoding = 4; lastKnownFileType = sourcecode.c.c; path = node.c; sourceTree = "<group>"; };
		D8E78EBE159DA753006394F7 /* rubyext.c */ = {isa = PBXFileReference; fileEncoding = 4; lastKnownFileType = sourcecode.c.c; path = rubyext.c; sourceTree = "<group>"; };
		D8E78EBF159DA753006394F7 /* syck.c */ = {isa = PBXFileReference; fileEncoding = 4; lastKnownFileType = sourcecode.c.c; path = syck.c; sourceTree = "<group>"; };
		D8E78EC0159DA753006394F7 /* syck.h */ = {isa = PBXFileReference; fileEncoding = 4; lastKnownFileType = sourcecode.c.h; path = syck.h; sourceTree = "<group>"; };
		D8E78EC1159DA753006394F7 /* token.c */ = {isa = PBXFileReference; fileEncoding = 4; lastKnownFileType = sourcecode.c.c; path = token.c; sourceTree = "<group>"; };
		D8E78EC2159DA753006394F7 /* yaml2byte.c */ = {isa = PBXFileReference; fileEncoding = 4; lastKnownFileType = sourcecode.c.c; path = yaml2byte.c; sourceTree = "<group>"; };
		D8E78EC3159DA753006394F7 /* yamlbyte.h */ = {isa = PBXFileReference; fileEncoding = 4; lastKnownFileType = sourcecode.c.h; path = yamlbyte.h; sourceTree = "<group>"; };
		D8E78EC8159DA753006394F7 /* syslog.c */ = {isa = PBXFileReference; fileEncoding = 4; lastKnownFileType = sourcecode.c.c; path = syslog.c; sourceTree = "<group>"; };
		D8E78ECF159DA753006394F7 /* thread.c */ = {isa = PBXFileReference; fileEncoding = 4; lastKnownFileType = sourcecode.c.c; path = thread.c; sourceTree = "<group>"; };
		D8E79348159DA754006394F7 /* zlib.c */ = {isa = PBXFileReference; fileEncoding = 4; lastKnownFileType = sourcecode.c.c; path = zlib.c; sourceTree = "<group>"; };
/* End PBXFileReference section */

/* Begin PBXFrameworksBuildPhase section */
		D8E78A68159D9BC7006394F7 /* Frameworks */ = {
			isa = PBXFrameworksBuildPhase;
			buildActionMask = 2147483647;
			files = (
				D8E78A6F159D9BC7006394F7 /* Foundation.framework in Frameworks */,
			);
			runOnlyForDeploymentPostprocessing = 0;
		};
		D8E78D55159DA2CE006394F7 /* Frameworks */ = {
			isa = PBXFrameworksBuildPhase;
			buildActionMask = 2147483647;
			files = (
			);
			runOnlyForDeploymentPostprocessing = 0;
		};
/* End PBXFrameworksBuildPhase section */

/* Begin PBXGroup section */
		D8E78A60159D9BC7006394F7 = {
			isa = PBXGroup;
			children = (
				D8E78A70159D9BC7006394F7 /* ruby-static */,
				D8E78D60159DA2CE006394F7 /* iRuby */,
				D8E78A6D159D9BC7006394F7 /* Frameworks */,
				D8E78A6C159D9BC7006394F7 /* Products */,
			);
			sourceTree = "<group>";
		};
		D8E78A6C159D9BC7006394F7 /* Products */ = {
			isa = PBXGroup;
			children = (
				D8E78A6B159D9BC7006394F7 /* libruby-static.a */,
				D8E78D59159DA2CE006394F7 /* iRuby.framework */,
			);
			name = Products;
			sourceTree = "<group>";
		};
		D8E78A6D159D9BC7006394F7 /* Frameworks */ = {
			isa = PBXGroup;
			children = (
				D8E78A6E159D9BC7006394F7 /* Foundation.framework */,
				D8E78D5C159DA2CE006394F7 /* Other Frameworks */,
			);
			name = Frameworks;
			sourceTree = "<group>";
		};
		D8E78A70159D9BC7006394F7 /* ruby-static */ = {
			isa = PBXGroup;
			children = (
				D8E78A7B159D9CE4006394F7 /* Sources */,
				D8E78A71159D9BC7006394F7 /* Supporting Files */,
			);
			path = "ruby-static";
			sourceTree = "<group>";
		};
		D8E78A71159D9BC7006394F7 /* Supporting Files */ = {
			isa = PBXGroup;
			children = (
				D8E78D48159D9F5B006394F7 /* Makefile */,
				D8E78A72159D9BC7006394F7 /* ruby-static-Prefix.pch */,
			);
			name = "Supporting Files";
			sourceTree = "<group>";
		};
		D8E78A7B159D9CE4006394F7 /* Sources */ = {
			isa = PBXGroup;
			children = (
				D8E78D84159DA753006394F7 /* ext */,
				D8E78D46159D9E14006394F7 /* config.h */,
				D8E78A7C159D9D40006394F7 /* array.c */,
				D8E78A7D159D9D40006394F7 /* bignum.c */,
				D8E78A7E159D9D40006394F7 /* class.c */,
				D8E78A7F159D9D40006394F7 /* compar.c */,
				D8E78A80159D9D40006394F7 /* defines.h */,
				D8E78A81159D9D40006394F7 /* dir.c */,
				D8E78A82159D9D40006394F7 /* dln.c */,
				D8E78A83159D9D40006394F7 /* dln.h */,
				D8E78D49159DA095006394F7 /* dmyext.c */,
				D8E78A86159D9D40006394F7 /* enum.c */,
				D8E78A87159D9D40006394F7 /* enumerator.c */,
				D8E78A88159D9D40006394F7 /* env.h */,
				D8E78A89159D9D40006394F7 /* error.c */,
				D8E78A8A159D9D40006394F7 /* eval.c */,
				D8E78A8B159D9D40006394F7 /* file.c */,
				D8E78A8C159D9D40006394F7 /* gc.c */,
				D8E78A8D159D9D40006394F7 /* hash.c */,
				D8E78A8F159D9D40006394F7 /* inits.c */,
				D8E78A90159D9D40006394F7 /* intern.h */,
				D8E78A91159D9D40006394F7 /* io.c */,
				D8E78CE7159D9D41006394F7 /* marshal.c */,
				D8E78CE8159D9D41006394F7 /* math.c */,
				D8E78CE9159D9D41006394F7 /* missing.h */,
				D8E78CEA159D9D41006394F7 /* node.h */,
				D8E78CEB159D9D41006394F7 /* numeric.c */,
				D8E78CEC159D9D41006394F7 /* object.c */,
				D8E78CED159D9D41006394F7 /* pack.c */,
				D8E78CEE159D9D41006394F7 /* parse.c */,
				D8E78CF0159D9D41006394F7 /* prec.c */,
				D8E78CF1159D9D41006394F7 /* process.c */,
				D8E78CF2159D9D41006394F7 /* random.c */,
				D8E78CF3159D9D41006394F7 /* range.c */,
				D8E78CF4159D9D41006394F7 /* re.c */,
				D8E78CF5159D9D41006394F7 /* re.h */,
				D8E78CF6159D9D41006394F7 /* ruby.c */,
				D8E78CF7159D9D41006394F7 /* ruby.h */,
				D8E78CF8159D9D41006394F7 /* rubyio.h */,
				D8E78CF9159D9D41006394F7 /* rubysig.h */,
				D8E78CFA159D9D41006394F7 /* signal.c */,
				D8E78CFB159D9D41006394F7 /* sprintf.c */,
				D8E78CFC159D9D41006394F7 /* st.c */,
				D8E78CFD159D9D41006394F7 /* st.h */,
				D8E78CFE159D9D41006394F7 /* string.c */,
				D8E78CFF159D9D41006394F7 /* struct.c */,
				D8E78D00159D9D41006394F7 /* time.c */,
				D8E78D01159D9D41006394F7 /* util.c */,
				D8E78D02159D9D41006394F7 /* util.h */,
				D8E78D03159D9D41006394F7 /* variable.c */,
				D8E78D04159D9D41006394F7 /* version.c */,
				D8E78D05159D9D41006394F7 /* version.h */,
			);
			name = Sources;
			sourceTree = "<group>";
		};
		D8E78D5C159DA2CE006394F7 /* Other Frameworks */ = {
			isa = PBXGroup;
			children = (
			);
			name = "Other Frameworks";
			sourceTree = "<group>";
		};
		D8E78D60159DA2CE006394F7 /* iRuby */ = {
			isa = PBXGroup;
			children = (
				D8E78D61159DA2CE006394F7 /* Supporting Files */,
			);
			path = iRuby;
			sourceTree = "<group>";
		};
		D8E78D61159DA2CE006394F7 /* Supporting Files */ = {
			isa = PBXGroup;
			children = (
				D8E78D62159DA2CE006394F7 /* iRuby-Info.plist */,
				D8E78D63159DA2CE006394F7 /* InfoPlist.strings */,
				D8E78D66159DA2CE006394F7 /* iRuby-Prefix.pch */,
			);
			name = "Supporting Files";
			sourceTree = "<group>";
		};
		D8E78D84159DA753006394F7 /* ext */ = {
			isa = PBXGroup;
			children = (
				D8E78D87159DA753006394F7 /* bigdecimal */,
				D8E78D9C159DA753006394F7 /* curses */,
				D8E78DA6159DA753006394F7 /* dbm */,
				D8E78DAB159DA753006394F7 /* digest */,
				D8E78DE0159DA753006394F7 /* dl */,
				D8E78E05159DA753006394F7 /* etc */,
				D8E78E0D159DA753006394F7 /* fcntl */,
				D8E78E12159DA753006394F7 /* gdbm */,
				D8E78E18159DA753006394F7 /* iconv */,
				D8E78E1E159DA753006394F7 /* io */,
				D8E78E25159DA753006394F7 /* nkf */,
				D8E78E76159DA753006394F7 /* pty */,
				D8E78E85159DA753006394F7 /* racc */,
				D8E78E8B159DA753006394F7 /* readline */,
				D8E78E92159DA753006394F7 /* sdbm */,
				D8E78EA8159DA753006394F7 /* stringio */,
				D8E78EAE159DA753006394F7 /* strscan */,
				D8E78EB3159DA753006394F7 /* syck */,
				D8E78EC4159DA753006394F7 /* syslog */,
				D8E78ECB159DA753006394F7 /* thread */,
				D8E79343159DA754006394F7 /* zlib */,
			);
			path = ext;
			sourceTree = "<group>";
		};
		D8E78D87159DA753006394F7 /* bigdecimal */ = {
			isa = PBXGroup;
			children = (
				D8E78D89159DA753006394F7 /* bigdecimal.c */,
				D8E78D8B159DA753006394F7 /* bigdecimal.h */,
			);
			path = bigdecimal;
			sourceTree = "<group>";
		};
		D8E78D9C159DA753006394F7 /* curses */ = {
			isa = PBXGroup;
			children = (
				D8E78D9E159DA753006394F7 /* curses.c */,
			);
			path = curses;
			sourceTree = "<group>";
		};
		D8E78DA6159DA753006394F7 /* dbm */ = {
			isa = PBXGroup;
			children = (
				D8E78DA8159DA753006394F7 /* dbm.c */,
			);
			path = dbm;
			sourceTree = "<group>";
		};
		D8E78DAB159DA753006394F7 /* digest */ = {
			isa = PBXGroup;
			children = (
				D8E78DAD159DA753006394F7 /* bubblebabble */,
				D8E78DB2159DA753006394F7 /* defs.h */,
				D8E78DB4159DA753006394F7 /* digest.c */,
				D8E78DB5159DA753006394F7 /* digest.h */,
				D8E78DBB159DA753006394F7 /* md5 */,
				D8E78DC4159DA753006394F7 /* rmd160 */,
				D8E78DCD159DA753006394F7 /* sha1 */,
				D8E78DD6159DA753006394F7 /* sha2 */,
			);
			path = digest;
			sourceTree = "<group>";
		};
		D8E78DAD159DA753006394F7 /* bubblebabble */ = {
			isa = PBXGroup;
			children = (
				D8E78DAF159DA753006394F7 /* bubblebabble.c */,
			);
			path = bubblebabble;
			sourceTree = "<group>";
		};
		D8E78DBB159DA753006394F7 /* md5 */ = {
			isa = PBXGroup;
			children = (
				D8E78DBF159DA753006394F7 /* md5.c */,
				D8E78DC0159DA753006394F7 /* md5.h */,
				D8E78DC1159DA753006394F7 /* md5init.c */,
				D8E78DC2159DA753006394F7 /* md5ossl.c */,
				D8E78DC3159DA753006394F7 /* md5ossl.h */,
			);
			path = md5;
			sourceTree = "<group>";
		};
		D8E78DC4159DA753006394F7 /* rmd160 */ = {
			isa = PBXGroup;
			children = (
				D8E78DC8159DA753006394F7 /* rmd160.c */,
				D8E78DC9159DA753006394F7 /* rmd160.h */,
				D8E78DCA159DA753006394F7 /* rmd160init.c */,
				D8E78DCB159DA753006394F7 /* rmd160ossl.c */,
				D8E78DCC159DA753006394F7 /* rmd160ossl.h */,
			);
			path = rmd160;
			sourceTree = "<group>";
		};
		D8E78DCD159DA753006394F7 /* sha1 */ = {
			isa = PBXGroup;
			children = (
				D8E78DD1159DA753006394F7 /* sha1.c */,
				D8E78DD2159DA753006394F7 /* sha1.h */,
				D8E78DD3159DA753006394F7 /* sha1init.c */,
				D8E78DD4159DA753006394F7 /* sha1ossl.c */,
				D8E78DD5159DA753006394F7 /* sha1ossl.h */,
			);
			path = sha1;
			sourceTree = "<group>";
		};
		D8E78DD6159DA753006394F7 /* sha2 */ = {
			isa = PBXGroup;
			children = (
				D8E78DDC159DA753006394F7 /* sha2.c */,
				D8E78DDD159DA753006394F7 /* sha2.h */,
				D8E78DDE159DA753006394F7 /* sha2init.c */,
			);
			path = sha2;
			sourceTree = "<group>";
		};
		D8E78DE0159DA753006394F7 /* dl */ = {
			isa = PBXGroup;
			children = (
				D8E78DE3159DA753006394F7 /* dl.c */,
				D8E78DE5159DA753006394F7 /* dl.h */,
				D8E78DEA159DA753006394F7 /* handle.c */,
				D8E78DF5159DA753006394F7 /* ptr.c */,
				D8E78DFF159DA753006394F7 /* sym.c */,
			);
			path = dl;
			sourceTree = "<group>";
		};
		D8E78E05159DA753006394F7 /* etc */ = {
			isa = PBXGroup;
			children = (
				D8E78E08159DA753006394F7 /* etc.c */,
			);
			path = etc;
			sourceTree = "<group>";
		};
		D8E78E0D159DA753006394F7 /* fcntl */ = {
			isa = PBXGroup;
			children = (
				D8E78E11159DA753006394F7 /* fcntl.c */,
			);
			path = fcntl;
			sourceTree = "<group>";
		};
		D8E78E12159DA753006394F7 /* gdbm */ = {
			isa = PBXGroup;
			children = (
				D8E78E16159DA753006394F7 /* gdbm.c */,
			);
			path = gdbm;
			sourceTree = "<group>";
		};
		D8E78E18159DA753006394F7 /* iconv */ = {
			isa = PBXGroup;
			children = (
				D8E78E1D159DA753006394F7 /* iconv.c */,
			);
			path = iconv;
			sourceTree = "<group>";
		};
		D8E78E1E159DA753006394F7 /* io */ = {
			isa = PBXGroup;
			children = (
				D8E78E1F159DA753006394F7 /* wait */,
			);
			path = io;
			sourceTree = "<group>";
		};
		D8E78E1F159DA753006394F7 /* wait */ = {
			isa = PBXGroup;
			children = (
				D8E78E24159DA753006394F7 /* wait.c */,
			);
			path = wait;
			sourceTree = "<group>";
		};
		D8E78E25159DA753006394F7 /* nkf */ = {
			isa = PBXGroup;
			children = (
				D8E78E2B159DA753006394F7 /* nkf-utf8 */,
				D8E78E30159DA753006394F7 /* nkf.c */,
			);
			path = nkf;
			sourceTree = "<group>";
		};
		D8E78E2B159DA753006394F7 /* nkf-utf8 */ = {
			isa = PBXGroup;
			children = (
				D8E78E2C159DA753006394F7 /* config.h */,
				D8E78E2D159DA753006394F7 /* nkf.c */,
				D8E78E2E159DA753006394F7 /* utf8tbl.c */,
				D8E78E2F159DA753006394F7 /* utf8tbl.h */,
			);
			path = "nkf-utf8";
			sourceTree = "<group>";
		};
		D8E78E76159DA753006394F7 /* pty */ = {
			isa = PBXGroup;
			children = (
				D8E78E7D159DA753006394F7 /* pty.c */,
			);
			path = pty;
			sourceTree = "<group>";
		};
		D8E78E85159DA753006394F7 /* racc */ = {
			isa = PBXGroup;
			children = (
				D8E78E86159DA753006394F7 /* cparse */,
			);
			path = racc;
			sourceTree = "<group>";
		};
		D8E78E86159DA753006394F7 /* cparse */ = {
			isa = PBXGroup;
			children = (
				D8E78E88159DA753006394F7 /* cparse.c */,
			);
			path = cparse;
			sourceTree = "<group>";
		};
		D8E78E8B159DA753006394F7 /* readline */ = {
			isa = PBXGroup;
			children = (
				D8E78E8F159DA753006394F7 /* readline.c */,
			);
			path = readline;
			sourceTree = "<group>";
		};
		D8E78E92159DA753006394F7 /* sdbm */ = {
			isa = PBXGroup;
			children = (
				D8E78E94159DA753006394F7 /* _sdbm.c */,
				D8E78E97159DA753006394F7 /* init.c */,
				D8E78E98159DA753006394F7 /* sdbm.h */,
			);
			path = sdbm;
			sourceTree = "<group>";
		};
		D8E78EA8159DA753006394F7 /* stringio */ = {
			isa = PBXGroup;
			children = (
				D8E78EAD159DA753006394F7 /* stringio.c */,
			);
			path = stringio;
			sourceTree = "<group>";
		};
		D8E78EAE159DA753006394F7 /* strscan */ = {
			isa = PBXGroup;
			children = (
				D8E78EB2159DA753006394F7 /* strscan.c */,
			);
			path = strscan;
			sourceTree = "<group>";
		};
		D8E78EB3159DA753006394F7 /* syck */ = {
			isa = PBXGroup;
			children = (
				D8E78EB5159DA753006394F7 /* bytecode.c */,
				D8E78EB7159DA753006394F7 /* emitter.c */,
				D8E78EB9159DA753006394F7 /* gram.c */,
				D8E78EBA159DA753006394F7 /* gram.h */,
				D8E78EBB159DA753006394F7 /* handler.c */,
				D8E78EBC159DA753006394F7 /* implicit.c */,
				D8E78EBD159DA753006394F7 /* node.c */,
				D8E78EBE159DA753006394F7 /* rubyext.c */,
				D8E78EBF159DA753006394F7 /* syck.c */,
				D8E78EC0159DA753006394F7 /* syck.h */,
				D8E78EC1159DA753006394F7 /* token.c */,
				D8E78EC2159DA753006394F7 /* yaml2byte.c */,
				D8E78EC3159DA753006394F7 /* yamlbyte.h */,
			);
			path = syck;
			sourceTree = "<group>";
		};
		D8E78EC4159DA753006394F7 /* syslog */ = {
			isa = PBXGroup;
			children = (
				D8E78EC8159DA753006394F7 /* syslog.c */,
			);
			path = syslog;
			sourceTree = "<group>";
		};
		D8E78ECB159DA753006394F7 /* thread */ = {
			isa = PBXGroup;
			children = (
				D8E78ECF159DA753006394F7 /* thread.c */,
			);
			path = thread;
			sourceTree = "<group>";
		};
		D8E79343159DA754006394F7 /* zlib */ = {
			isa = PBXGroup;
			children = (
				D8E79348159DA754006394F7 /* zlib.c */,
			);
			path = zlib;
			sourceTree = "<group>";
		};
/* End PBXGroup section */

/* Begin PBXHeadersBuildPhase section */
		D8E78A69159D9BC7006394F7 /* Headers */ = {
			isa = PBXHeadersBuildPhase;
			buildActionMask = 2147483647;
			files = (
				D8E78D0F159D9D41006394F7 /* defines.h in Headers */,
				D8E78D12159D9D41006394F7 /* dln.h in Headers */,
				D8E78D17159D9D41006394F7 /* env.h in Headers */,
				D8E78D1F159D9D41006394F7 /* intern.h in Headers */,
				D8E78D25159D9D41006394F7 /* missing.h in Headers */,
				D8E78D26159D9D41006394F7 /* node.h in Headers */,
				D8E78D31159D9D41006394F7 /* re.h in Headers */,
				D8E78D33159D9D41006394F7 /* ruby.h in Headers */,
				D8E78D34159D9D41006394F7 /* rubyio.h in Headers */,
				D8E78D35159D9D41006394F7 /* rubysig.h in Headers */,
				D8E78D39159D9D41006394F7 /* st.h in Headers */,
				D8E78D3E159D9D41006394F7 /* util.h in Headers */,
				D8E78D41159D9D41006394F7 /* version.h in Headers */,
				D8E78D47159D9E14006394F7 /* config.h in Headers */,
				D8E7934A159DA754006394F7 /* bigdecimal.h in Headers */,
				D8E7934E159DA754006394F7 /* defs.h in Headers */,
				D8E79350159DA754006394F7 /* digest.h in Headers */,
				D8E79352159DA754006394F7 /* md5.h in Headers */,
				D8E79355159DA754006394F7 /* md5ossl.h in Headers */,
				D8E79357159DA754006394F7 /* rmd160.h in Headers */,
				D8E7935A159DA754006394F7 /* rmd160ossl.h in Headers */,
				D8E7935C159DA754006394F7 /* sha1.h in Headers */,
				D8E7935F159DA754006394F7 /* sha1ossl.h in Headers */,
				D8E79361159DA754006394F7 /* sha2.h in Headers */,
				D8E79364159DA754006394F7 /* dl.h in Headers */,
				D8E7936F159DA754006394F7 /* config.h in Headers */,
				D8E79372159DA754006394F7 /* utf8tbl.h in Headers */,
				D8E793AE159DA754006394F7 /* sdbm.h in Headers */,
				D8E793B9159DA754006394F7 /* gram.h in Headers */,
				D8E793BF159DA754006394F7 /* syck.h in Headers */,
				D8E793C2159DA754006394F7 /* yamlbyte.h in Headers */,
			);
			runOnlyForDeploymentPostprocessing = 0;
		};
		D8E78D56159DA2CE006394F7 /* Headers */ = {
			isa = PBXHeadersBuildPhase;
			buildActionMask = 2147483647;
			files = (
				D8E78D6D159DA326006394F7 /* defines.h in Headers */,
				D8E78D6E159DA326006394F7 /* dln.h in Headers */,
				D8E78D6F159DA326006394F7 /* env.h in Headers */,
				D8E78D70159DA326006394F7 /* intern.h in Headers */,
				D8E78D71159DA326006394F7 /* node.h in Headers */,
				D8E78D72159DA326006394F7 /* re.h in Headers */,
				D8E78D73159DA326006394F7 /* ruby.h in Headers */,
				D8E78D74159DA326006394F7 /* rubyio.h in Headers */,
				D8E78D75159DA326006394F7 /* rubysig.h in Headers */,
				D8E78D76159DA326006394F7 /* st.h in Headers */,
				D8E78D77159DA326006394F7 /* util.h in Headers */,
				D8E78D78159DA326006394F7 /* version.h in Headers */,
				D8E78D83159DA650006394F7 /* missing.h in Headers */,
				D8E78D82159DA5F0006394F7 /* config.h in Headers */,
				D8E793CC159DB14D006394F7 /* bigdecimal.h in Headers */,
				D8E793CD159DB168006394F7 /* defs.h in Headers */,
				D8E793CE159DB168006394F7 /* digest.h in Headers */,
				D8E793CF159DB168006394F7 /* md5.h in Headers */,
				D8E793D0159DB168006394F7 /* rmd160.h in Headers */,
				D8E793D1159DB168006394F7 /* sha1.h in Headers */,
				D8E793D2159DB168006394F7 /* sha2.h in Headers */,
				D8E793D3159DB246006394F7 /* utf8tbl.h in Headers */,
				D8D6A125159DB3C10074C263 /* sdbm.h in Headers */,
				D8D6A126159DB3D80074C263 /* syck.h in Headers */,
				D8D6A127159DB3DB0074C263 /* yamlbyte.h in Headers */,
			);
			runOnlyForDeploymentPostprocessing = 0;
		};
/* End PBXHeadersBuildPhase section */

/* Begin PBXNativeTarget section */
		D8E78A6A159D9BC7006394F7 /* ruby-static */ = {
			isa = PBXNativeTarget;
			buildConfigurationList = D8E78A78159D9BC7006394F7 /* Build configuration list for PBXNativeTarget "ruby-static" */;
			buildPhases = (
				D8E78A67159D9BC7006394F7 /* Sources */,
				D8E78A68159D9BC7006394F7 /* Frameworks */,
				D8E78A69159D9BC7006394F7 /* Headers */,
				D8E78D53159DA287006394F7 /* ShellScript */,
			);
			buildRules = (
			);
			dependencies = (
			);
			name = "ruby-static";
			productName = "ruby-static";
			productReference = D8E78A6B159D9BC7006394F7 /* libruby-static.a */;
			productType = "com.apple.product-type.library.static";
		};
		D8E78D58159DA2CE006394F7 /* iRuby */ = {
			isa = PBXNativeTarget;
			buildConfigurationList = D8E78D6A159DA2CE006394F7 /* Build configuration list for PBXNativeTarget "iRuby" */;
			buildPhases = (
				D8E78D54159DA2CE006394F7 /* Sources */,
				D8E78D55159DA2CE006394F7 /* Frameworks */,
				D8E78D56159DA2CE006394F7 /* Headers */,
				D8E78D57159DA2CE006394F7 /* Resources */,
			);
			buildRules = (
			);
			dependencies = (
			);
			name = iRuby;
			productName = iRuby;
			productReference = D8E78D59159DA2CE006394F7 /* iRuby.framework */;
			productType = "com.apple.product-type.framework";
		};
/* End PBXNativeTarget section */

/* Begin PBXProject section */
		D8E78A62159D9BC7006394F7 /* Project object */ = {
			isa = PBXProject;
			attributes = {
				LastUpgradeCheck = 0430;
				ORGANIZATIONNAME = Intellicore;
			};
			buildConfigurationList = D8E78A65159D9BC7006394F7 /* Build configuration list for PBXProject "ruby-static" */;
			compatibilityVersion = "Xcode 3.2";
			developmentRegion = English;
			hasScannedForEncodings = 0;
			knownRegions = (
				en,
			);
			mainGroup = D8E78A60159D9BC7006394F7;
			productRefGroup = D8E78A6C159D9BC7006394F7 /* Products */;
			projectDirPath = "";
			projectRoot = "";
			targets = (
				D8E78A6A159D9BC7006394F7 /* ruby-static */,
				D8E78D58159DA2CE006394F7 /* iRuby */,
			);
		};
/* End PBXProject section */

/* Begin PBXResourcesBuildPhase section */
		D8E78D57159DA2CE006394F7 /* Resources */ = {
			isa = PBXResourcesBuildPhase;
			buildActionMask = 2147483647;
			files = (
				D8E78D65159DA2CE006394F7 /* InfoPlist.strings in Resources */,
			);
			runOnlyForDeploymentPostprocessing = 0;
		};
/* End PBXResourcesBuildPhase section */

/* Begin PBXShellScriptBuildPhase section */
		D8E78D53159DA287006394F7 /* ShellScript */ = {
			isa = PBXShellScriptBuildPhase;
			buildActionMask = 2147483647;
			files = (
			);
			inputPaths = (
			);
			outputPaths = (
			);
			runOnlyForDeploymentPostprocessing = 0;
			shellPath = /bin/sh;
			shellScript = "# Version 2.0 (updated for Xcode 4, with some fixes)\n# Changes:\n#    - Works with xcode 4, even when running xcode 3 projects (Workarounds for apple bugs)\n#    - Faster / better: only runs lipo once, instead of once per recursion\n#    - Added some debugging statemetns that can be switched on/off by changing the DEBUG_THIS_SCRIPT variable to \"true\"\n#    - Fixed some typos\n# \n# Purpose:\n#   Create a static library for iPhone from within XCode\n#   Because Apple staff DELIBERATELY broke Xcode to make this impossible from the GUI (Xcode 3.2.3 specifically states this in the Release notes!)\n#   ...no, I don't understand why they did this!\n#\n# Author: Adam Martin - http://twitter.com/redglassesapps\n# Based on: original script from Eonil (main changes: Eonil's script WILL NOT WORK in Xcode GUI - it WILL CRASH YOUR COMPUTER)\n#\n# More info: see this Stack Overflow question: http://stackoverflow.com/questions/3520977/build-fat-static-library-device-simulator-using-xcode-and-sdk-4\n\n#################[ Tests: helps workaround any future bugs in Xcode ]########\n#\nDEBUG_THIS_SCRIPT=\"false\"\n\nif [ $DEBUG_THIS_SCRIPT = \"true\" ]\nthen\necho \"########### TESTS #############\"\necho \"Use the following variables when debugging this script; note that they may change on recursions\"\necho \"BUILD_DIR = $BUILD_DIR\"\necho \"BUILD_ROOT = $BUILD_ROOT\"\necho \"CONFIGURATION_BUILD_DIR = $CONFIGURATION_BUILD_DIR\"\necho \"BUILT_PRODUCTS_DIR = $BUILT_PRODUCTS_DIR\"\necho \"CONFIGURATION_TEMP_DIR = $CONFIGURATION_TEMP_DIR\"\necho \"TARGET_BUILD_DIR = $TARGET_BUILD_DIR\"\nfi\n\n#####################[ part 1 ]##################\n# First, work out the BASESDK version number (NB: Apple ought to report this, but they hide it)\n#    (incidental: searching for substrings in sh is a nightmare! Sob)\n\nSDK_VERSION=$(echo ${SDK_NAME} | grep -o '.\\{3\\}$')\n\n# Next, work out if we're in SIM or DEVICE\n\nif [ ${PLATFORM_NAME} = \"iphonesimulator\" ]\nthen\nOTHER_SDK_TO_BUILD=iphoneos${SDK_VERSION}\nelse\nOTHER_SDK_TO_BUILD=iphonesimulator${SDK_VERSION}\nfi\n\necho \"XCode has selected SDK: ${PLATFORM_NAME} with version: ${SDK_VERSION} (although back-targetting: ${IPHONEOS_DEPLOYMENT_TARGET})\"\necho \"...therefore, OTHER_SDK_TO_BUILD = ${OTHER_SDK_TO_BUILD}\"\n#\n#####################[ end of part 1 ]##################\n\n#####################[ part 2 ]##################\n#\n# IF this is the original invocation, invoke WHATEVER other builds are required\n#\n# Xcode is already building ONE target...\n#\n# ...but this is a LIBRARY, so Apple is wrong to set it to build just one.\n# ...we need to build ALL targets\n# ...we MUST NOT re-build the target that is ALREADY being built: Xcode WILL CRASH YOUR COMPUTER if you try this (infinite recursion!)\n#\n#\n# So: build ONLY the missing platforms/configurations.\n\nif [ \"true\" == ${ALREADYINVOKED:-false} ]\nthen\necho \"RECURSION: I am NOT the root invocation, so I'm NOT going to recurse\"\nelse\n# CRITICAL:\n# Prevent infinite recursion (Xcode sucks)\nexport ALREADYINVOKED=\"true\"\n\necho \"RECURSION: I am the root ... recursing all missing build targets NOW...\"\necho \"RECURSION: ...about to invoke: xcodebuild -configuration \\\"${CONFIGURATION}\\\" -target \\\"${TARGET_NAME}\\\" -sdk \\\"${OTHER_SDK_TO_BUILD}\\\" ${ACTION} RUN_CLANG_STATIC_ANALYZER=NO\"\nxcodebuild -configuration \"${CONFIGURATION}\" -target \"${TARGET_NAME}\" -sdk \"${OTHER_SDK_TO_BUILD}\" ${ACTION} RUN_CLANG_STATIC_ANALYZER=NO BUILD_DIR=\"${BUILD_DIR}\" BUILD_ROOT=\"${BUILD_ROOT}\"\n\nACTION=\"build\"\n\n#Merge all platform binaries as a fat binary for each configurations.\n\n# Calculate where the (multiple) built files are coming from:\nCURRENTCONFIG_DEVICE_DIR=${SYMROOT}/${CONFIGURATION}-iphoneos\nCURRENTCONFIG_SIMULATOR_DIR=${SYMROOT}/${CONFIGURATION}-iphonesimulator\n\necho \"Taking device build from: ${CURRENTCONFIG_DEVICE_DIR}\"\necho \"Taking simulator build from: ${CURRENTCONFIG_SIMULATOR_DIR}\"\n\nCREATING_UNIVERSAL_DIR=${SYMROOT}/${CONFIGURATION}-universal\necho \"...I will output a universal build to: ${CREATING_UNIVERSAL_DIR}\"\n\n# ... remove the products of previous runs of this script\n#      NB: this directory is ONLY created by this script - it should be safe to delete!\n\nrm -rf \"${CREATING_UNIVERSAL_DIR}\"\nmkdir \"${CREATING_UNIVERSAL_DIR}\"\n\n#\necho \"lipo: for current configuration (${CONFIGURATION}) creating output file: ${CREATING_UNIVERSAL_DIR}/${EXECUTABLE_NAME}\"\nlipo -create -output \"${CREATING_UNIVERSAL_DIR}/${EXECUTABLE_NAME}\" \"${CURRENTCONFIG_DEVICE_DIR}/${EXECUTABLE_NAME}\" \"${CURRENTCONFIG_SIMULATOR_DIR}/${EXECUTABLE_NAME}\"\n\n#########\n#\n# Added: StackOverflow suggestion to also copy \"include\" files\n#    (untested, but should work OK)\n#\nif [ -d \"${CURRENTCONFIG_DEVICE_DIR}/usr/local/include\" ]\nthen\nmkdir -p \"${CREATING_UNIVERSAL_DIR}/usr/local/include\"\n# * needs to be outside the double quotes?\ncp \"${CURRENTCONFIG_DEVICE_DIR}/usr/local/include/\"* \"${CREATING_UNIVERSAL_DIR}/usr/local/include\"\nfi\nfi";
			showEnvVarsInLog = 0;
		};
/* End PBXShellScriptBuildPhase section */

/* Begin PBXSourcesBuildPhase section */
		D8E78A67159D9BC7006394F7 /* Sources */ = {
			isa = PBXSourcesBuildPhase;
			buildActionMask = 2147483647;
			files = (
				D8E78D0B159D9D41006394F7 /* array.c in Sources */,
				D8E78D0C159D9D41006394F7 /* bignum.c in Sources */,
				D8E78D0D159D9D41006394F7 /* class.c in Sources */,
				D8E78D0E159D9D41006394F7 /* compar.c in Sources */,
				D8E78D10159D9D41006394F7 /* dir.c in Sources */,
				D8E78D11159D9D41006394F7 /* dln.c in Sources */,
				D8E78D15159D9D41006394F7 /* enum.c in Sources */,
				D8E78D16159D9D41006394F7 /* enumerator.c in Sources */,
				D8E78D18159D9D41006394F7 /* error.c in Sources */,
				D8E78D19159D9D41006394F7 /* eval.c in Sources */,
				D8E78D1A159D9D41006394F7 /* file.c in Sources */,
				D8E78D1B159D9D41006394F7 /* gc.c in Sources */,
				D8E78D1C159D9D41006394F7 /* hash.c in Sources */,
				D8E78D1E159D9D41006394F7 /* inits.c in Sources */,
				D8E78D20159D9D41006394F7 /* io.c in Sources */,
				D8E78D23159D9D41006394F7 /* marshal.c in Sources */,
				D8E78D24159D9D41006394F7 /* math.c in Sources */,
				D8E78D27159D9D41006394F7 /* numeric.c in Sources */,
				D8E78D28159D9D41006394F7 /* object.c in Sources */,
				D8E78D29159D9D41006394F7 /* pack.c in Sources */,
				D8E78D2A159D9D41006394F7 /* parse.c in Sources */,
				D8E78D2C159D9D41006394F7 /* prec.c in Sources */,
				D8E78D2D159D9D41006394F7 /* process.c in Sources */,
				D8E78D2E159D9D41006394F7 /* random.c in Sources */,
				D8E78D2F159D9D41006394F7 /* range.c in Sources */,
				D8E78D30159D9D41006394F7 /* re.c in Sources */,
				D8E78D32159D9D41006394F7 /* ruby.c in Sources */,
				D8E78D36159D9D41006394F7 /* signal.c in Sources */,
				D8E78D37159D9D41006394F7 /* sprintf.c in Sources */,
				D8E78D38159D9D41006394F7 /* st.c in Sources */,
				D8E78D3A159D9D41006394F7 /* string.c in Sources */,
				D8E78D3B159D9D41006394F7 /* struct.c in Sources */,
				D8E78D3C159D9D41006394F7 /* time.c in Sources */,
				D8E78D3D159D9D41006394F7 /* util.c in Sources */,
				D8E78D3F159D9D41006394F7 /* variable.c in Sources */,
				D8E78D40159D9D41006394F7 /* version.c in Sources */,
				D8E78D4A159DA095006394F7 /* dmyext.c in Sources */,
				D8E79349159DA754006394F7 /* bigdecimal.c in Sources */,
				D8E7934C159DA754006394F7 /* dbm.c in Sources */,
				D8E7934D159DA754006394F7 /* bubblebabble.c in Sources */,
				D8E7934F159DA754006394F7 /* digest.c in Sources */,
				D8E79351159DA754006394F7 /* md5.c in Sources */,
				D8E79353159DA754006394F7 /* md5init.c in Sources */,
				D8E79356159DA754006394F7 /* rmd160.c in Sources */,
				D8E79358159DA754006394F7 /* rmd160init.c in Sources */,
				D8E7935B159DA754006394F7 /* sha1.c in Sources */,
				D8E7935D159DA754006394F7 /* sha1init.c in Sources */,
				D8E79360159DA754006394F7 /* sha2.c in Sources */,
				D8E79362159DA754006394F7 /* sha2init.c in Sources */,
				D8E7936A159DA754006394F7 /* etc.c in Sources */,
				D8E7936B159DA754006394F7 /* fcntl.c in Sources */,
				D8E7936D159DA754006394F7 /* iconv.c in Sources */,
				D8E7936E159DA754006394F7 /* wait.c in Sources */,
				D8E79370159DA754006394F7 /* nkf.c in Sources */,
				D8E79371159DA754006394F7 /* utf8tbl.c in Sources */,
				D8E79373159DA754006394F7 /* nkf.c in Sources */,
				D8E793A9159DA754006394F7 /* pty.c in Sources */,
				D8E793AA159DA754006394F7 /* cparse.c in Sources */,
				D8E793AC159DA754006394F7 /* _sdbm.c in Sources */,
				D8E793AD159DA754006394F7 /* init.c in Sources */,
				D8E793B4159DA754006394F7 /* stringio.c in Sources */,
				D8E793B5159DA754006394F7 /* strscan.c in Sources */,
				D8E793B6159DA754006394F7 /* bytecode.c in Sources */,
				D8E793B7159DA754006394F7 /* emitter.c in Sources */,
				D8E793B8159DA754006394F7 /* gram.c in Sources */,
				D8E793BA159DA754006394F7 /* handler.c in Sources */,
				D8E793BB159DA754006394F7 /* implicit.c in Sources */,
				D8E793BC159DA754006394F7 /* node.c in Sources */,
				D8E793BD159DA754006394F7 /* rubyext.c in Sources */,
				D8E793BE159DA754006394F7 /* syck.c in Sources */,
				D8E793C0159DA754006394F7 /* token.c in Sources */,
				D8E793C1159DA754006394F7 /* yaml2byte.c in Sources */,
				D8E793C3159DA754006394F7 /* syslog.c in Sources */,
				D8E793C4159DA754006394F7 /* thread.c in Sources */,
				D8E793CB159DA754006394F7 /* zlib.c in Sources */,
			);
			runOnlyForDeploymentPostprocessing = 0;
		};
		D8E78D54159DA2CE006394F7 /* Sources */ = {
			isa = PBXSourcesBuildPhase;
			buildActionMask = 2147483647;
			files = (
			);
			runOnlyForDeploymentPostprocessing = 0;
		};
/* End PBXSourcesBuildPhase section */

/* Begin PBXVariantGroup section */
		D8E78D63159DA2CE006394F7 /* InfoPlist.strings */ = {
			isa = PBXVariantGroup;
			children = (
				D8E78D64159DA2CE006394F7 /* en */,
			);
			name = InfoPlist.strings;
			sourceTree = "<group>";
		};
/* End PBXVariantGroup section */

/* Begin XCBuildConfiguration section */
		D8E78A76159D9BC7006394F7 /* Debug */ = {
			isa = XCBuildConfiguration;
			buildSettings = {
				ALWAYS_SEARCH_USER_PATHS = NO;
				ARCHS = "$(ARCHS_STANDARD_32_BIT)";
				CLANG_ENABLE_OBJC_ARC = YES;
				COPY_PHASE_STRIP = NO;
				GCC_C_LANGUAGE_STANDARD = gnu99;
				GCC_DYNAMIC_NO_PIC = NO;
				GCC_OPTIMIZATION_LEVEL = 0;
				GCC_PREPROCESSOR_DEFINITIONS = (
					"DEBUG=1",
					"$(inherited)",
				);
				GCC_SYMBOLS_PRIVATE_EXTERN = NO;
				GCC_VERSION = com.apple.compilers.llvm.clang.1_0;
				GCC_WARN_ABOUT_RETURN_TYPE = YES;
				GCC_WARN_UNINITIALIZED_AUTOS = YES;
				GCC_WARN_UNUSED_VARIABLE = YES;
				HEADER_SEARCH_PATHS = "";
				IPHONEOS_DEPLOYMENT_TARGET = 5.1;
				SDKROOT = iphoneos;
			};
			name = Debug;
		};
		D8E78A77159D9BC7006394F7 /* Release */ = {
			isa = XCBuildConfiguration;
			buildSettings = {
				ALWAYS_SEARCH_USER_PATHS = NO;
				ARCHS = "$(ARCHS_STANDARD_32_BIT)";
				CLANG_ENABLE_OBJC_ARC = YES;
				COPY_PHASE_STRIP = YES;
				GCC_C_LANGUAGE_STANDARD = gnu99;
				GCC_VERSION = com.apple.compilers.llvm.clang.1_0;
				GCC_WARN_ABOUT_RETURN_TYPE = YES;
				GCC_WARN_UNINITIALIZED_AUTOS = YES;
				GCC_WARN_UNUSED_VARIABLE = YES;
				HEADER_SEARCH_PATHS = "";
				IPHONEOS_DEPLOYMENT_TARGET = 5.1;
				SDKROOT = iphoneos;
				VALIDATE_PRODUCT = YES;
			};
			name = Release;
		};
		D8E78A79159D9BC7006394F7 /* Debug */ = {
			isa = XCBuildConfiguration;
			buildSettings = {
				DSTROOT = /tmp/ruby_static.dst;
				GCC_PRECOMPILE_PREFIX_HEADER = YES;
				GCC_PREFIX_HEADER = "ruby-static/ruby-static-Prefix.pch";
				OTHER_LDFLAGS = "-ObjC";
				PRODUCT_NAME = "$(TARGET_NAME)";
				SKIP_INSTALL = YES;
			};
			name = Debug;
		};
		D8E78A7A159D9BC7006394F7 /* Release */ = {
			isa = XCBuildConfiguration;
			buildSettings = {
				DSTROOT = /tmp/ruby_static.dst;
				GCC_PRECOMPILE_PREFIX_HEADER = YES;
				GCC_PREFIX_HEADER = "ruby-static/ruby-static-Prefix.pch";
				OTHER_LDFLAGS = "-ObjC";
				PRODUCT_NAME = "$(TARGET_NAME)";
				SKIP_INSTALL = YES;
			};
			name = Release;
		};
		D8E78D6B159DA2CE006394F7 /* Debug */ = {
			isa = XCBuildConfiguration;
			buildSettings = {
				ARCHS = "$(ARCHS_STANDARD_64_BIT)";
				DYLIB_COMPATIBILITY_VERSION = 1;
				DYLIB_CURRENT_VERSION = 1;
				FRAMEWORK_SEARCH_PATHS = (
					"$(inherited)",
					"\"$(SYSTEM_APPS_DIR)/Xcode.app/Contents/Developer/Library/Frameworks\"",
				);
				FRAMEWORK_VERSION = A;
				GCC_ENABLE_OBJC_EXCEPTIONS = YES;
				GCC_PRECOMPILE_PREFIX_HEADER = YES;
				GCC_PREFIX_HEADER = "iRuby/iRuby-Prefix.pch";
				GCC_WARN_64_TO_32_BIT_CONVERSION = YES;
				INFOPLIST_FILE = "iRuby/iRuby-Info.plist";
				MACOSX_DEPLOYMENT_TARGET = 10.7;
				ONLY_ACTIVE_ARCH = YES;
				PRODUCT_NAME = "$(TARGET_NAME)";
				SDKROOT = macosx;
				WRAPPER_EXTENSION = framework;
			};
			name = Debug;
		};
		D8E78D6C159DA2CE006394F7 /* Release */ = {
			isa = XCBuildConfiguration;
			buildSettings = {
				ARCHS = "$(ARCHS_STANDARD_64_BIT)";
				DEBUG_INFORMATION_FORMAT = "dwarf-with-dsym";
				DYLIB_COMPATIBILITY_VERSION = 1;
				DYLIB_CURRENT_VERSION = 1;
				FRAMEWORK_SEARCH_PATHS = (
					"$(inherited)",
					"\"$(SYSTEM_APPS_DIR)/Xcode.app/Contents/Developer/Library/Frameworks\"",
				);
				FRAMEWORK_VERSION = A;
				GCC_ENABLE_OBJC_EXCEPTIONS = YES;
				GCC_PRECOMPILE_PREFIX_HEADER = YES;
				GCC_PREFIX_HEADER = "iRuby/iRuby-Prefix.pch";
				GCC_WARN_64_TO_32_BIT_CONVERSION = YES;
				INFOPLIST_FILE = "iRuby/iRuby-Info.plist";
				MACOSX_DEPLOYMENT_TARGET = 10.7;
				PRODUCT_NAME = "$(TARGET_NAME)";
				SDKROOT = macosx;
				WRAPPER_EXTENSION = framework;
			};
			name = Release;
		};
/* End XCBuildConfiguration section */

/* Begin XCConfigurationList section */
		D8E78A65159D9BC7006394F7 /* Build configuration list for PBXProject "ruby-static" */ = {
			isa = XCConfigurationList;
			buildConfigurations = (
				D8E78A76159D9BC7006394F7 /* Debug */,
				D8E78A77159D9BC7006394F7 /* Release */,
			);
			defaultConfigurationIsVisible = 0;
			defaultConfigurationName = Release;
		};
		D8E78A78159D9BC7006394F7 /* Build configuration list for PBXNativeTarget "ruby-static" */ = {
			isa = XCConfigurationList;
			buildConfigurations = (
				D8E78A79159D9BC7006394F7 /* Debug */,
				D8E78A7A159D9BC7006394F7 /* Release */,
			);
			defaultConfigurationIsVisible = 0;
			defaultConfigurationName = Release;
		};
		D8E78D6A159DA2CE006394F7 /* Build configuration list for PBXNativeTarget "iRuby" */ = {
			isa = XCConfigurationList;
			buildConfigurations = (
				D8E78D6B159DA2CE006394F7 /* Debug */,
				D8E78D6C159DA2CE006394F7 /* Release */,
			);
			defaultConfigurationIsVisible = 0;
			defaultConfigurationName = Release;
		};
/* End XCConfigurationList section */
	};
	rootObject = D8E78A62159D9BC7006394F7 /* Project object */;
}
